
Microsoft Visual Studio Solution File, Format Version 12.00
# Visual Studio Version 17
VisualStudioVersion = 17.5.33424.131
MinimumVisualStudioVersion = 10.0.40219.1
Project("{FAE04EC0-301F-11D3-BF4B-00C04F79EFBC}") = "Ex2_S5_Console aplication", "Ex2_S5_Console aplication\Ex2_S5_Console aplication.csproj", "{BEEAFBE6-06FD-40B2-A57A-B073FDEB90B7}"
EndProject
Global
	GlobalSection(SolutionConfigurationPlatforms) = preSolution
		Debug|Any CPU = Debug|Any CPU
		Release|Any CPU = Release|Any CPU
	EndGlobalSection
	GlobalSection(ProjectConfigurationPlatforms) = postSolution
		{BEEAFBE6-06FD-40B2-A57A-B073FDEB90B7}.Debug|Any CPU.ActiveCfg = Debug|Any CPU
		{BEEAFBE6-06FD-40B2-A57A-B073FDEB90B7}.Debug|Any CPU.Build.0 = Debug|Any CPU
		{BEEAFBE6-06FD-40B2-A57A-B073FDEB90B7}.Release|Any CPU.ActiveCfg = Release|Any CPU
		{BEEAFBE6-06FD-40B2-A57A-B073FDEB90B7}.Release|Any CPU.Build.0 = Release|Any CPU
	EndGlobalSection
	GlobalSection(SolutionProperties) = preSolution
		HideSolutionNode = FALSE
	EndGlobalSection
	GlobalSection(ExtensibilityGlobals) = postSolution
		SolutionGuid = {7819B2B4-8D17-4A57-AA29-4AD982A25D3D}
	EndGlobalSection
EndGlobal
